// !$*UTF8*$!
{
	archiveVersion = 1;
	classes = {
	};
	objectVersion = 46;
	objects = {

/* Begin PBXBuildFile section */
		110143081EF5A38600A268A0 /* AddTaskView.swift in Sources */ = {isa = PBXBuildFile; fileRef = 110143071EF5A38600A268A0 /* AddTaskView.swift */; };
		1101430A1EF5A41100A268A0 /* AddTaskViewController.swift in Sources */ = {isa = PBXBuildFile; fileRef = 110143091EF5A41100A268A0 /* AddTaskViewController.swift */; };
		1101430D1EF5D5E100A268A0 /* Tasks.xcdatamodeld in Sources */ = {isa = PBXBuildFile; fileRef = 1101430B1EF5D5E100A268A0 /* Tasks.xcdatamodeld */; };
		110143111EF5D88E00A268A0 /* TaskStore.swift in Sources */ = {isa = PBXBuildFile; fileRef = 110143101EF5D88E00A268A0 /* TaskStore.swift */; };
		113DF8501EE4B4BC0023450C /* AppDelegate.swift in Sources */ = {isa = PBXBuildFile; fileRef = 113DF84F1EE4B4BC0023450C /* AppDelegate.swift */; };
		113DF8521EE4B4BC0023450C /* ViewController.swift in Sources */ = {isa = PBXBuildFile; fileRef = 113DF8511EE4B4BC0023450C /* ViewController.swift */; };
		113DF8571EE4B4BC0023450C /* Assets.xcassets in Resources */ = {isa = PBXBuildFile; fileRef = 113DF8561EE4B4BC0023450C /* Assets.xcassets */; };
		113DF8651EE4B4BC0023450C /* ToDoStandupTests.swift in Sources */ = {isa = PBXBuildFile; fileRef = 113DF8641EE4B4BC0023450C /* ToDoStandupTests.swift */; };
		113DF8701EE4B4BC0023450C /* ToDoStandupUITests.swift in Sources */ = {isa = PBXBuildFile; fileRef = 113DF86F1EE4B4BC0023450C /* ToDoStandupUITests.swift */; };
		8C6904A5446E87032B7B80F3 /* Pods_ToDoStandup.framework in Frameworks */ = {isa = PBXBuildFile; fileRef = 45823E5544ECADB99834DCED /* Pods_ToDoStandup.framework */; };
		BFD8CC55DB453B6CA5CBDFC3 /* Pods_ToDoStandupTests.framework in Frameworks */ = {isa = PBXBuildFile; fileRef = A6094D2512229989E3C7F4BA /* Pods_ToDoStandupTests.framework */; };
		C5A5B05CCBA7E21B551C9CF0 /* Pods_ToDoStandupUITests.framework in Frameworks */ = {isa = PBXBuildFile; fileRef = AD38C7F4492EA7D69AF3BB1B /* Pods_ToDoStandupUITests.framework */; };
/* End PBXBuildFile section */

/* Begin PBXContainerItemProxy section */
		113DF8611EE4B4BC0023450C /* PBXContainerItemProxy */ = {
			isa = PBXContainerItemProxy;
			containerPortal = 113DF8441EE4B4BC0023450C /* Project object */;
			proxyType = 1;
			remoteGlobalIDString = 113DF84B1EE4B4BC0023450C;
			remoteInfo = ToDoStandup;
		};
		113DF86C1EE4B4BC0023450C /* PBXContainerItemProxy */ = {
			isa = PBXContainerItemProxy;
			containerPortal = 113DF8441EE4B4BC0023450C /* Project object */;
			proxyType = 1;
			remoteGlobalIDString = 113DF84B1EE4B4BC0023450C;
			remoteInfo = ToDoStandup;
		};
/* End PBXContainerItemProxy section */

/* Begin PBXFileReference section */
		02FDB5D64F77B2877F39ADE5 /* Pods-ToDoStandupUITests.release.xcconfig */ = {isa = PBXFileReference; includeInIndex = 1; lastKnownFileType = text.xcconfig; name = "Pods-ToDoStandupUITests.release.xcconfig"; path = "Pods/Target Support Files/Pods-ToDoStandupUITests/Pods-ToDoStandupUITests.release.xcconfig"; sourceTree = "<group>"; };
		0EAF05A8554F1228E7316BE4 /* Pods-ToDoStandup.release.xcconfig */ = {isa = PBXFileReference; includeInIndex = 1; lastKnownFileType = text.xcconfig; name = "Pods-ToDoStandup.release.xcconfig"; path = "Pods/Target Support Files/Pods-ToDoStandup/Pods-ToDoStandup.release.xcconfig"; sourceTree = "<group>"; };
		110143071EF5A38600A268A0 /* AddTaskView.swift */ = {isa = PBXFileReference; fileEncoding = 4; lastKnownFileType = sourcecode.swift; path = AddTaskView.swift; sourceTree = "<group>"; };
		110143091EF5A41100A268A0 /* AddTaskViewController.swift */ = {isa = PBXFileReference; fileEncoding = 4; lastKnownFileType = sourcecode.swift; path = AddTaskViewController.swift; sourceTree = "<group>"; };
		1101430C1EF5D5E100A268A0 /* Tasks.xcdatamodel */ = {isa = PBXFileReference; lastKnownFileType = wrapper.xcdatamodel; path = Tasks.xcdatamodel; sourceTree = "<group>"; };
		110143101EF5D88E00A268A0 /* TaskStore.swift */ = {isa = PBXFileReference; fileEncoding = 4; lastKnownFileType = sourcecode.swift; path = TaskStore.swift; sourceTree = "<group>"; };
		113DF84C1EE4B4BC0023450C /* ToDoStandup.app */ = {isa = PBXFileReference; explicitFileType = wrapper.application; includeInIndex = 0; path = ToDoStandup.app; sourceTree = BUILT_PRODUCTS_DIR; };
		113DF84F1EE4B4BC0023450C /* AppDelegate.swift */ = {isa = PBXFileReference; lastKnownFileType = sourcecode.swift; path = AppDelegate.swift; sourceTree = "<group>"; };
		113DF8511EE4B4BC0023450C /* ViewController.swift */ = {isa = PBXFileReference; lastKnownFileType = sourcecode.swift; path = ViewController.swift; sourceTree = "<group>"; };
		113DF8561EE4B4BC0023450C /* Assets.xcassets */ = {isa = PBXFileReference; lastKnownFileType = folder.assetcatalog; path = Assets.xcassets; sourceTree = "<group>"; };
		113DF85B1EE4B4BC0023450C /* Info.plist */ = {isa = PBXFileReference; lastKnownFileType = text.plist.xml; path = Info.plist; sourceTree = "<group>"; };
		113DF8601EE4B4BC0023450C /* ToDoStandupTests.xctest */ = {isa = PBXFileReference; explicitFileType = wrapper.cfbundle; includeInIndex = 0; path = ToDoStandupTests.xctest; sourceTree = BUILT_PRODUCTS_DIR; };
		113DF8641EE4B4BC0023450C /* ToDoStandupTests.swift */ = {isa = PBXFileReference; lastKnownFileType = sourcecode.swift; path = ToDoStandupTests.swift; sourceTree = "<group>"; };
		113DF8661EE4B4BC0023450C /* Info.plist */ = {isa = PBXFileReference; lastKnownFileType = text.plist.xml; path = Info.plist; sourceTree = "<group>"; };
		113DF86B1EE4B4BC0023450C /* ToDoStandupUITests.xctest */ = {isa = PBXFileReference; explicitFileType = wrapper.cfbundle; includeInIndex = 0; path = ToDoStandupUITests.xctest; sourceTree = BUILT_PRODUCTS_DIR; };
		113DF86F1EE4B4BC0023450C /* ToDoStandupUITests.swift */ = {isa = PBXFileReference; lastKnownFileType = sourcecode.swift; path = ToDoStandupUITests.swift; sourceTree = "<group>"; };
		113DF8711EE4B4BC0023450C /* Info.plist */ = {isa = PBXFileReference; lastKnownFileType = text.plist.xml; path = Info.plist; sourceTree = "<group>"; };
		1D28CE1FBCCDC6EAB486FEEF /* Pods-ToDoStandupUITests.debug.xcconfig */ = {isa = PBXFileReference; includeInIndex = 1; lastKnownFileType = text.xcconfig; name = "Pods-ToDoStandupUITests.debug.xcconfig"; path = "Pods/Target Support Files/Pods-ToDoStandupUITests/Pods-ToDoStandupUITests.debug.xcconfig"; sourceTree = "<group>"; };
		1E7FD93C8F99970198BD4C03 /* Pods-ToDoStandupTests.debug.xcconfig */ = {isa = PBXFileReference; includeInIndex = 1; lastKnownFileType = text.xcconfig; name = "Pods-ToDoStandupTests.debug.xcconfig"; path = "Pods/Target Support Files/Pods-ToDoStandupTests/Pods-ToDoStandupTests.debug.xcconfig"; sourceTree = "<group>"; };
		45823E5544ECADB99834DCED /* Pods_ToDoStandup.framework */ = {isa = PBXFileReference; explicitFileType = wrapper.framework; includeInIndex = 0; path = Pods_ToDoStandup.framework; sourceTree = BUILT_PRODUCTS_DIR; };
		506D6DD14AD5407B089022EF /* Pods-ToDoStandup.debug.xcconfig */ = {isa = PBXFileReference; includeInIndex = 1; lastKnownFileType = text.xcconfig; name = "Pods-ToDoStandup.debug.xcconfig"; path = "Pods/Target Support Files/Pods-ToDoStandup/Pods-ToDoStandup.debug.xcconfig"; sourceTree = "<group>"; };
		A35EF0A8FD8DC295B74F1BEF /* Pods-ToDoStandupTests.release.xcconfig */ = {isa = PBXFileReference; includeInIndex = 1; lastKnownFileType = text.xcconfig; name = "Pods-ToDoStandupTests.release.xcconfig"; path = "Pods/Target Support Files/Pods-ToDoStandupTests/Pods-ToDoStandupTests.release.xcconfig"; sourceTree = "<group>"; };
		A6094D2512229989E3C7F4BA /* Pods_ToDoStandupTests.framework */ = {isa = PBXFileReference; explicitFileType = wrapper.framework; includeInIndex = 0; path = Pods_ToDoStandupTests.framework; sourceTree = BUILT_PRODUCTS_DIR; };
		AD38C7F4492EA7D69AF3BB1B /* Pods_ToDoStandupUITests.framework */ = {isa = PBXFileReference; explicitFileType = wrapper.framework; includeInIndex = 0; path = Pods_ToDoStandupUITests.framework; sourceTree = BUILT_PRODUCTS_DIR; };
/* End PBXFileReference section */

/* Begin PBXFrameworksBuildPhase section */
		113DF8491EE4B4BC0023450C /* Frameworks */ = {
			isa = PBXFrameworksBuildPhase;
			buildActionMask = 2147483647;
			files = (
				8C6904A5446E87032B7B80F3 /* Pods_ToDoStandup.framework in Frameworks */,
			);
			runOnlyForDeploymentPostprocessing = 0;
		};
		113DF85D1EE4B4BC0023450C /* Frameworks */ = {
			isa = PBXFrameworksBuildPhase;
			buildActionMask = 2147483647;
			files = (
				BFD8CC55DB453B6CA5CBDFC3 /* Pods_ToDoStandupTests.framework in Frameworks */,
			);
			runOnlyForDeploymentPostprocessing = 0;
		};
		113DF8681EE4B4BC0023450C /* Frameworks */ = {
			isa = PBXFrameworksBuildPhase;
			buildActionMask = 2147483647;
			files = (
				C5A5B05CCBA7E21B551C9CF0 /* Pods_ToDoStandupUITests.framework in Frameworks */,
			);
			runOnlyForDeploymentPostprocessing = 0;
		};
/* End PBXFrameworksBuildPhase section */

/* Begin PBXGroup section */
		113DF8431EE4B4BC0023450C = {
			isa = PBXGroup;
			children = (
				113DF84E1EE4B4BC0023450C /* ToDoStandup */,
				113DF8631EE4B4BC0023450C /* ToDoStandupTests */,
				113DF86E1EE4B4BC0023450C /* ToDoStandupUITests */,
				113DF84D1EE4B4BC0023450C /* Products */,
				D969421CCEA5E9857FFD9E17 /* Pods */,
				7284D70044779A3E450AD7A9 /* Frameworks */,
			);
			sourceTree = "<group>";
		};
		113DF84D1EE4B4BC0023450C /* Products */ = {
			isa = PBXGroup;
			children = (
				113DF84C1EE4B4BC0023450C /* ToDoStandup.app */,
				113DF8601EE4B4BC0023450C /* ToDoStandupTests.xctest */,
				113DF86B1EE4B4BC0023450C /* ToDoStandupUITests.xctest */,
			);
			name = Products;
			sourceTree = "<group>";
		};
		113DF84E1EE4B4BC0023450C /* ToDoStandup */ = {
			isa = PBXGroup;
			children = (
				113DF84F1EE4B4BC0023450C /* AppDelegate.swift */,
				110143071EF5A38600A268A0 /* AddTaskView.swift */,
				1101430B1EF5D5E100A268A0 /* Tasks.xcdatamodeld */,
				113DF8511EE4B4BC0023450C /* ViewController.swift */,
				113DF8561EE4B4BC0023450C /* Assets.xcassets */,
				113DF85B1EE4B4BC0023450C /* Info.plist */,
				110143091EF5A41100A268A0 /* AddTaskViewController.swift */,
				110143101EF5D88E00A268A0 /* TaskStore.swift */,
			);
			path = ToDoStandup;
			sourceTree = "<group>";
		};
		113DF8631EE4B4BC0023450C /* ToDoStandupTests */ = {
			isa = PBXGroup;
			children = (
				113DF8641EE4B4BC0023450C /* ToDoStandupTests.swift */,
				113DF8661EE4B4BC0023450C /* Info.plist */,
			);
			path = ToDoStandupTests;
			sourceTree = "<group>";
		};
		113DF86E1EE4B4BC0023450C /* ToDoStandupUITests */ = {
			isa = PBXGroup;
			children = (
				113DF86F1EE4B4BC0023450C /* ToDoStandupUITests.swift */,
				113DF8711EE4B4BC0023450C /* Info.plist */,
			);
			path = ToDoStandupUITests;
			sourceTree = "<group>";
		};
		7284D70044779A3E450AD7A9 /* Frameworks */ = {
			isa = PBXGroup;
			children = (
				45823E5544ECADB99834DCED /* Pods_ToDoStandup.framework */,
				A6094D2512229989E3C7F4BA /* Pods_ToDoStandupTests.framework */,
				AD38C7F4492EA7D69AF3BB1B /* Pods_ToDoStandupUITests.framework */,
			);
			name = Frameworks;
			sourceTree = "<group>";
		};
		D969421CCEA5E9857FFD9E17 /* Pods */ = {
			isa = PBXGroup;
			children = (
				506D6DD14AD5407B089022EF /* Pods-ToDoStandup.debug.xcconfig */,
				0EAF05A8554F1228E7316BE4 /* Pods-ToDoStandup.release.xcconfig */,
				1E7FD93C8F99970198BD4C03 /* Pods-ToDoStandupTests.debug.xcconfig */,
				A35EF0A8FD8DC295B74F1BEF /* Pods-ToDoStandupTests.release.xcconfig */,
				1D28CE1FBCCDC6EAB486FEEF /* Pods-ToDoStandupUITests.debug.xcconfig */,
				02FDB5D64F77B2877F39ADE5 /* Pods-ToDoStandupUITests.release.xcconfig */,
			);
			name = Pods;
			sourceTree = "<group>";
		};
/* End PBXGroup section */

/* Begin PBXNativeTarget section */
		113DF84B1EE4B4BC0023450C /* ToDoStandup */ = {
			isa = PBXNativeTarget;
			buildConfigurationList = 113DF8741EE4B4BC0023450C /* Build configuration list for PBXNativeTarget "ToDoStandup" */;
			buildPhases = (
				9D7AD1A321BA9A50B13B10FA /* [CP] Check Pods Manifest.lock */,
				113DF8481EE4B4BC0023450C /* Sources */,
				113DF8491EE4B4BC0023450C /* Frameworks */,
				113DF84A1EE4B4BC0023450C /* Resources */,
				4FCA466F00D450D054FEB76C /* [CP] Embed Pods Frameworks */,
				B4C0CB537F0C635A4B269EEF /* [CP] Copy Pods Resources */,
			);
			buildRules = (
			);
			dependencies = (
			);
			name = ToDoStandup;
			productName = ToDoStandup;
			productReference = 113DF84C1EE4B4BC0023450C /* ToDoStandup.app */;
			productType = "com.apple.product-type.application";
		};
		113DF85F1EE4B4BC0023450C /* ToDoStandupTests */ = {
			isa = PBXNativeTarget;
			buildConfigurationList = 113DF8771EE4B4BC0023450C /* Build configuration list for PBXNativeTarget "ToDoStandupTests" */;
			buildPhases = (
				49A8EF655EFD0B2B9A987522 /* [CP] Check Pods Manifest.lock */,
				113DF85C1EE4B4BC0023450C /* Sources */,
				113DF85D1EE4B4BC0023450C /* Frameworks */,
				113DF85E1EE4B4BC0023450C /* Resources */,
				EB39661A129A8C25C648BC4B /* [CP] Embed Pods Frameworks */,
				07FB1A8CCA1C31BAC1149C1E /* [CP] Copy Pods Resources */,
			);
			buildRules = (
			);
			dependencies = (
				113DF8621EE4B4BC0023450C /* PBXTargetDependency */,
			);
			name = ToDoStandupTests;
			productName = ToDoStandupTests;
			productReference = 113DF8601EE4B4BC0023450C /* ToDoStandupTests.xctest */;
			productType = "com.apple.product-type.bundle.unit-test";
		};
		113DF86A1EE4B4BC0023450C /* ToDoStandupUITests */ = {
			isa = PBXNativeTarget;
			buildConfigurationList = 113DF87A1EE4B4BC0023450C /* Build configuration list for PBXNativeTarget "ToDoStandupUITests" */;
			buildPhases = (
				DCC0AFF69FEDB37D0114839B /* [CP] Check Pods Manifest.lock */,
				113DF8671EE4B4BC0023450C /* Sources */,
				113DF8681EE4B4BC0023450C /* Frameworks */,
				113DF8691EE4B4BC0023450C /* Resources */,
				A5AB720C020A0C66D4CF8FFE /* [CP] Embed Pods Frameworks */,
				7C0A65893F9D03AB0F47424D /* [CP] Copy Pods Resources */,
			);
			buildRules = (
			);
			dependencies = (
				113DF86D1EE4B4BC0023450C /* PBXTargetDependency */,
			);
			name = ToDoStandupUITests;
			productName = ToDoStandupUITests;
			productReference = 113DF86B1EE4B4BC0023450C /* ToDoStandupUITests.xctest */;
			productType = "com.apple.product-type.bundle.ui-testing";
		};
/* End PBXNativeTarget section */

/* Begin PBXProject section */
		113DF8441EE4B4BC0023450C /* Project object */ = {
			isa = PBXProject;
			attributes = {
				LastSwiftUpdateCheck = 0830;
				LastUpgradeCheck = 0830;
				ORGANIZATIONNAME = "Peter Zimbelman";
				TargetAttributes = {
					113DF84B1EE4B4BC0023450C = {
						CreatedOnToolsVersion = 8.3.2;
						ProvisioningStyle = Automatic;
					};
					113DF85F1EE4B4BC0023450C = {
						CreatedOnToolsVersion = 8.3.2;
						ProvisioningStyle = Automatic;
						TestTargetID = 113DF84B1EE4B4BC0023450C;
					};
					113DF86A1EE4B4BC0023450C = {
						CreatedOnToolsVersion = 8.3.2;
						ProvisioningStyle = Automatic;
						TestTargetID = 113DF84B1EE4B4BC0023450C;
					};
				};
			};
			buildConfigurationList = 113DF8471EE4B4BC0023450C /* Build configuration list for PBXProject "ToDoStandup" */;
			compatibilityVersion = "Xcode 3.2";
			developmentRegion = English;
			hasScannedForEncodings = 0;
			knownRegions = (
				en,
				Base,
			);
			mainGroup = 113DF8431EE4B4BC0023450C;
			productRefGroup = 113DF84D1EE4B4BC0023450C /* Products */;
			projectDirPath = "";
			projectRoot = "";
			targets = (
				113DF84B1EE4B4BC0023450C /* ToDoStandup */,
				113DF85F1EE4B4BC0023450C /* ToDoStandupTests */,
				113DF86A1EE4B4BC0023450C /* ToDoStandupUITests */,
			);
		};
/* End PBXProject section */

/* Begin PBXResourcesBuildPhase section */
		113DF84A1EE4B4BC0023450C /* Resources */ = {
			isa = PBXResourcesBuildPhase;
			buildActionMask = 2147483647;
			files = (
				113DF8571EE4B4BC0023450C /* Assets.xcassets in Resources */,
			);
			runOnlyForDeploymentPostprocessing = 0;
		};
		113DF85E1EE4B4BC0023450C /* Resources */ = {
			isa = PBXResourcesBuildPhase;
			buildActionMask = 2147483647;
			files = (
			);
			runOnlyForDeploymentPostprocessing = 0;
		};
		113DF8691EE4B4BC0023450C /* Resources */ = {
			isa = PBXResourcesBuildPhase;
			buildActionMask = 2147483647;
			files = (
			);
			runOnlyForDeploymentPostprocessing = 0;
		};
/* End PBXResourcesBuildPhase section */

/* Begin PBXShellScriptBuildPhase section */
		07FB1A8CCA1C31BAC1149C1E /* [CP] Copy Pods Resources */ = {
			isa = PBXShellScriptBuildPhase;
			buildActionMask = 2147483647;
			files = (
			);
			inputPaths = (
			);
			name = "[CP] Copy Pods Resources";
			outputPaths = (
			);
			runOnlyForDeploymentPostprocessing = 0;
			shellPath = /bin/sh;
			shellScript = "\"${SRCROOT}/Pods/Target Support Files/Pods-ToDoStandupTests/Pods-ToDoStandupTests-resources.sh\"\n";
			showEnvVarsInLog = 0;
		};
		49A8EF655EFD0B2B9A987522 /* [CP] Check Pods Manifest.lock */ = {
			isa = PBXShellScriptBuildPhase;
			buildActionMask = 2147483647;
			files = (
			);
			inputPaths = (
			);
			name = "[CP] Check Pods Manifest.lock";
			outputPaths = (
			);
			runOnlyForDeploymentPostprocessing = 0;
			shellPath = /bin/sh;
			shellScript = "diff \"${PODS_PODFILE_DIR_PATH}/Podfile.lock\" \"${PODS_ROOT}/Manifest.lock\" > /dev/null\nif [ $? != 0 ] ; then\n    # print error to STDERR\n    echo \"error: The sandbox is not in sync with the Podfile.lock. Run 'pod install' or update your CocoaPods installation.\" >&2\n    exit 1\nfi\n";
			showEnvVarsInLog = 0;
		};
		4FCA466F00D450D054FEB76C /* [CP] Embed Pods Frameworks */ = {
			isa = PBXShellScriptBuildPhase;
			buildActionMask = 2147483647;
			files = (
			);
			inputPaths = (
			);
			name = "[CP] Embed Pods Frameworks";
			outputPaths = (
			);
			runOnlyForDeploymentPostprocessing = 0;
			shellPath = /bin/sh;
			shellScript = "\"${SRCROOT}/Pods/Target Support Files/Pods-ToDoStandup/Pods-ToDoStandup-frameworks.sh\"\n";
			showEnvVarsInLog = 0;
		};
		7C0A65893F9D03AB0F47424D /* [CP] Copy Pods Resources */ = {
			isa = PBXShellScriptBuildPhase;
			buildActionMask = 2147483647;
			files = (
			);
			inputPaths = (
			);
			name = "[CP] Copy Pods Resources";
			outputPaths = (
			);
			runOnlyForDeploymentPostprocessing = 0;
			shellPath = /bin/sh;
			shellScript = "\"${SRCROOT}/Pods/Target Support Files/Pods-ToDoStandupUITests/Pods-ToDoStandupUITests-resources.sh\"\n";
			showEnvVarsInLog = 0;
		};
		9D7AD1A321BA9A50B13B10FA /* [CP] Check Pods Manifest.lock */ = {
			isa = PBXShellScriptBuildPhase;
			buildActionMask = 2147483647;
			files = (
			);
			inputPaths = (
			);
			name = "[CP] Check Pods Manifest.lock";
			outputPaths = (
			);
			runOnlyForDeploymentPostprocessing = 0;
			shellPath = /bin/sh;
			shellScript = "diff \"${PODS_PODFILE_DIR_PATH}/Podfile.lock\" \"${PODS_ROOT}/Manifest.lock\" > /dev/null\nif [ $? != 0 ] ; then\n    # print error to STDERR\n    echo \"error: The sandbox is not in sync with the Podfile.lock. Run 'pod install' or update your CocoaPods installation.\" >&2\n    exit 1\nfi\n";
			showEnvVarsInLog = 0;
		};
		A5AB720C020A0C66D4CF8FFE /* [CP] Embed Pods Frameworks */ = {
			isa = PBXShellScriptBuildPhase;
			buildActionMask = 2147483647;
			files = (
			);
			inputPaths = (
			);
			name = "[CP] Embed Pods Frameworks";
			outputPaths = (
			);
			runOnlyForDeploymentPostprocessing = 0;
			shellPath = /bin/sh;
			shellScript = "\"${SRCROOT}/Pods/Target Support Files/Pods-ToDoStandupUITests/Pods-ToDoStandupUITests-frameworks.sh\"\n";
			showEnvVarsInLog = 0;
		};
		B4C0CB537F0C635A4B269EEF /* [CP] Copy Pods Resources */ = {
			isa = PBXShellScriptBuildPhase;
			buildActionMask = 2147483647;
			files = (
			);
			inputPaths = (
			);
			name = "[CP] Copy Pods Resources";
			outputPaths = (
			);
			runOnlyForDeploymentPostprocessing = 0;
			shellPath = /bin/sh;
			shellScript = "\"${SRCROOT}/Pods/Target Support Files/Pods-ToDoStandup/Pods-ToDoStandup-resources.sh\"\n";
			showEnvVarsInLog = 0;
		};
		DCC0AFF69FEDB37D0114839B /* [CP] Check Pods Manifest.lock */ = {
			isa = PBXShellScriptBuildPhase;
			buildActionMask = 2147483647;
			files = (
			);
			inputPaths = (
			);
			name = "[CP] Check Pods Manifest.lock";
			outputPaths = (
			);
			runOnlyForDeploymentPostprocessing = 0;
			shellPath = /bin/sh;
			shellScript = "diff \"${PODS_PODFILE_DIR_PATH}/Podfile.lock\" \"${PODS_ROOT}/Manifest.lock\" > /dev/null\nif [ $? != 0 ] ; then\n    # print error to STDERR\n    echo \"error: The sandbox is not in sync with the Podfile.lock. Run 'pod install' or update your CocoaPods installation.\" >&2\n    exit 1\nfi\n";
			showEnvVarsInLog = 0;
		};
		EB39661A129A8C25C648BC4B /* [CP] Embed Pods Frameworks */ = {
			isa = PBXShellScriptBuildPhase;
			buildActionMask = 2147483647;
			files = (
			);
			inputPaths = (
			);
			name = "[CP] Embed Pods Frameworks";
			outputPaths = (
			);
			runOnlyForDeploymentPostprocessing = 0;
			shellPath = /bin/sh;
			shellScript = "\"${SRCROOT}/Pods/Target Support Files/Pods-ToDoStandupTests/Pods-ToDoStandupTests-frameworks.sh\"\n";
			showEnvVarsInLog = 0;
		};
/* End PBXShellScriptBuildPhase section */

/* Begin PBXSourcesBuildPhase section */
		113DF8481EE4B4BC0023450C /* Sources */ = {
			isa = PBXSourcesBuildPhase;
			buildActionMask = 2147483647;
			files = (
				110143081EF5A38600A268A0 /* AddTaskView.swift in Sources */,
				1101430A1EF5A41100A268A0 /* AddTaskViewController.swift in Sources */,
				110143111EF5D88E00A268A0 /* TaskStore.swift in Sources */,
				113DF8521EE4B4BC0023450C /* ViewController.swift in Sources */,
				1101430D1EF5D5E100A268A0 /* Tasks.xcdatamodeld in Sources */,
				113DF8501EE4B4BC0023450C /* AppDelegate.swift in Sources */,
			);
			runOnlyForDeploymentPostprocessing = 0;
		};
		113DF85C1EE4B4BC0023450C /* Sources */ = {
			isa = PBXSourcesBuildPhase;
			buildActionMask = 2147483647;
			files = (
				113DF8651EE4B4BC0023450C /* ToDoStandupTests.swift in Sources */,
			);
			runOnlyForDeploymentPostprocessing = 0;
		};
		113DF8671EE4B4BC0023450C /* Sources */ = {
			isa = PBXSourcesBuildPhase;
			buildActionMask = 2147483647;
			files = (
				113DF8701EE4B4BC0023450C /* ToDoStandupUITests.swift in Sources */,
			);
			runOnlyForDeploymentPostprocessing = 0;
		};
/* End PBXSourcesBuildPhase section */

/* Begin PBXTargetDependency section */
		113DF8621EE4B4BC0023450C /* PBXTargetDependency */ = {
			isa = PBXTargetDependency;
			target = 113DF84B1EE4B4BC0023450C /* ToDoStandup */;
			targetProxy = 113DF8611EE4B4BC0023450C /* PBXContainerItemProxy */;
		};
		113DF86D1EE4B4BC0023450C /* PBXTargetDependency */ = {
			isa = PBXTargetDependency;
			target = 113DF84B1EE4B4BC0023450C /* ToDoStandup */;
			targetProxy = 113DF86C1EE4B4BC0023450C /* PBXContainerItemProxy */;
		};
/* End PBXTargetDependency section */

/* Begin XCBuildConfiguration section */
		113DF8721EE4B4BC0023450C /* Debug */ = {
			isa = XCBuildConfiguration;
			buildSettings = {
				ALWAYS_SEARCH_USER_PATHS = NO;
				CLANG_ANALYZER_NONNULL = YES;
				CLANG_ANALYZER_NUMBER_OBJECT_CONVERSION = YES_AGGRESSIVE;
				CLANG_CXX_LANGUAGE_STANDARD = "gnu++0x";
				CLANG_CXX_LIBRARY = "libc++";
				CLANG_ENABLE_MODULES = YES;
				CLANG_ENABLE_OBJC_ARC = YES;
				CLANG_WARN_BOOL_CONVERSION = YES;
				CLANG_WARN_CONSTANT_CONVERSION = YES;
				CLANG_WARN_DIRECT_OBJC_ISA_USAGE = YES_ERROR;
				CLANG_WARN_DOCUMENTATION_COMMENTS = YES;
				CLANG_WARN_EMPTY_BODY = YES;
				CLANG_WARN_ENUM_CONVERSION = YES;
				CLANG_WARN_INFINITE_RECURSION = YES;
				CLANG_WARN_INT_CONVERSION = YES;
				CLANG_WARN_OBJC_ROOT_CLASS = YES_ERROR;
				CLANG_WARN_SUSPICIOUS_MOVE = YES;
				CLANG_WARN_UNREACHABLE_CODE = YES;
				CLANG_WARN__DUPLICATE_METHOD_MATCH = YES;
				"CODE_SIGN_IDENTITY[sdk=iphoneos*]" = "iPhone Developer";
				COPY_PHASE_STRIP = NO;
				DEBUG_INFORMATION_FORMAT = dwarf;
				ENABLE_STRICT_OBJC_MSGSEND = YES;
				ENABLE_TESTABILITY = YES;
				GCC_C_LANGUAGE_STANDARD = gnu99;
				GCC_DYNAMIC_NO_PIC = NO;
				GCC_NO_COMMON_BLOCKS = YES;
				GCC_OPTIMIZATION_LEVEL = 0;
				GCC_PREPROCESSOR_DEFINITIONS = (
					"DEBUG=1",
					"$(inherited)",
				);
				GCC_WARN_64_TO_32_BIT_CONVERSION = YES;
				GCC_WARN_ABOUT_RETURN_TYPE = YES_ERROR;
				GCC_WARN_UNDECLARED_SELECTOR = YES;
				GCC_WARN_UNINITIALIZED_AUTOS = YES_AGGRESSIVE;
				GCC_WARN_UNUSED_FUNCTION = YES;
				GCC_WARN_UNUSED_VARIABLE = YES;
				IPHONEOS_DEPLOYMENT_TARGET = 10.3;
				MTL_ENABLE_DEBUG_INFO = YES;
				ONLY_ACTIVE_ARCH = YES;
				SDKROOT = iphoneos;
				SWIFT_ACTIVE_COMPILATION_CONDITIONS = DEBUG;
				SWIFT_OPTIMIZATION_LEVEL = "-Onone";
				TARGETED_DEVICE_FAMILY = "1,2";
			};
			name = Debug;
		};
		113DF8731EE4B4BC0023450C /* Release */ = {
			isa = XCBuildConfiguration;
			buildSettings = {
				ALWAYS_SEARCH_USER_PATHS = NO;
				CLANG_ANALYZER_NONNULL = YES;
				CLANG_ANALYZER_NUMBER_OBJECT_CONVERSION = YES_AGGRESSIVE;
				CLANG_CXX_LANGUAGE_STANDARD = "gnu++0x";
				CLANG_CXX_LIBRARY = "libc++";
				CLANG_ENABLE_MODULES = YES;
				CLANG_ENABLE_OBJC_ARC = YES;
				CLANG_WARN_BOOL_CONVERSION = YES;
				CLANG_WARN_CONSTANT_CONVERSION = YES;
				CLANG_WARN_DIRECT_OBJC_ISA_USAGE = YES_ERROR;
				CLANG_WARN_DOCUMENTATION_COMMENTS = YES;
				CLANG_WARN_EMPTY_BODY = YES;
				CLANG_WARN_ENUM_CONVERSION = YES;
				CLANG_WARN_INFINITE_RECURSION = YES;
				CLANG_WARN_INT_CONVERSION = YES;
				CLANG_WARN_OBJC_ROOT_CLASS = YES_ERROR;
				CLANG_WARN_SUSPICIOUS_MOVE = YES;
				CLANG_WARN_UNREACHABLE_CODE = YES;
				CLANG_WARN__DUPLICATE_METHOD_MATCH = YES;
				"CODE_SIGN_IDENTITY[sdk=iphoneos*]" = "iPhone Developer";
				COPY_PHASE_STRIP = NO;
				DEBUG_INFORMATION_FORMAT = "dwarf-with-dsym";
				ENABLE_NS_ASSERTIONS = NO;
				ENABLE_STRICT_OBJC_MSGSEND = YES;
				GCC_C_LANGUAGE_STANDARD = gnu99;
				GCC_NO_COMMON_BLOCKS = YES;
				GCC_WARN_64_TO_32_BIT_CONVERSION = YES;
				GCC_WARN_ABOUT_RETURN_TYPE = YES_ERROR;
				GCC_WARN_UNDECLARED_SELECTOR = YES;
				GCC_WARN_UNINITIALIZED_AUTOS = YES_AGGRESSIVE;
				GCC_WARN_UNUSED_FUNCTION = YES;
				GCC_WARN_UNUSED_VARIABLE = YES;
				IPHONEOS_DEPLOYMENT_TARGET = 10.3;
				MTL_ENABLE_DEBUG_INFO = NO;
				SDKROOT = iphoneos;
				SWIFT_OPTIMIZATION_LEVEL = "-Owholemodule";
				TARGETED_DEVICE_FAMILY = "1,2";
				VALIDATE_PRODUCT = YES;
			};
			name = Release;
		};
		113DF8751EE4B4BC0023450C /* Debug */ = {
			isa = XCBuildConfiguration;
			baseConfigurationReference = 506D6DD14AD5407B089022EF /* Pods-ToDoStandup.debug.xcconfig */;
			buildSettings = {
				ASSETCATALOG_COMPILER_APPICON_NAME = AppIcon;
				INFOPLIST_FILE = ToDoStandup/Info.plist;
				LD_RUNPATH_SEARCH_PATHS = "$(inherited) @executable_path/Frameworks";
				PRODUCT_BUNDLE_IDENTIFIER = softwarewithfriends.ToDoStandup;
				PRODUCT_NAME = "$(TARGET_NAME)";
				SWIFT_VERSION = 3.0;
			};
			name = Debug;
		};
		113DF8761EE4B4BC0023450C /* Release */ = {
			isa = XCBuildConfiguration;
			baseConfigurationReference = 0EAF05A8554F1228E7316BE4 /* Pods-ToDoStandup.release.xcconfig */;
			buildSettings = {
				ASSETCATALOG_COMPILER_APPICON_NAME = AppIcon;
				INFOPLIST_FILE = ToDoStandup/Info.plist;
				LD_RUNPATH_SEARCH_PATHS = "$(inherited) @executable_path/Frameworks";
				PRODUCT_BUNDLE_IDENTIFIER = softwarewithfriends.ToDoStandup;
				PRODUCT_NAME = "$(TARGET_NAME)";
				SWIFT_VERSION = 3.0;
			};
			name = Release;
		};
		113DF8781EE4B4BC0023450C /* Debug */ = {
			isa = XCBuildConfiguration;
			baseConfigurationReference = 1E7FD93C8F99970198BD4C03 /* Pods-ToDoStandupTests.debug.xcconfig */;
			buildSettings = {
				ALWAYS_EMBED_SWIFT_STANDARD_LIBRARIES = YES;
				BUNDLE_LOADER = "$(TEST_HOST)";
				INFOPLIST_FILE = ToDoStandupTests/Info.plist;
				LD_RUNPATH_SEARCH_PATHS = "$(inherited) @executable_path/Frameworks @loader_path/Frameworks";
				PRODUCT_BUNDLE_IDENTIFIER = softwarewithfriends.ToDoStandupTests;
				PRODUCT_NAME = "$(TARGET_NAME)";
				SWIFT_VERSION = 3.0;
				TEST_HOST = "$(BUILT_PRODUCTS_DIR)/ToDoStandup.app/ToDoStandup";
			};
			name = Debug;
		};
		113DF8791EE4B4BC0023450C /* Release */ = {
			isa = XCBuildConfiguration;
			baseConfigurationReference = A35EF0A8FD8DC295B74F1BEF /* Pods-ToDoStandupTests.release.xcconfig */;
			buildSettings = {
				ALWAYS_EMBED_SWIFT_STANDARD_LIBRARIES = YES;
				BUNDLE_LOADER = "$(TEST_HOST)";
				INFOPLIST_FILE = ToDoStandupTests/Info.plist;
				LD_RUNPATH_SEARCH_PATHS = "$(inherited) @executable_path/Frameworks @loader_path/Frameworks";
				PRODUCT_BUNDLE_IDENTIFIER = softwarewithfriends.ToDoStandupTests;
				PRODUCT_NAME = "$(TARGET_NAME)";
				SWIFT_VERSION = 3.0;
				TEST_HOST = "$(BUILT_PRODUCTS_DIR)/ToDoStandup.app/ToDoStandup";
			};
			name = Release;
		};
		113DF87B1EE4B4BC0023450C /* Debug */ = {
			isa = XCBuildConfiguration;
			baseConfigurationReference = 1D28CE1FBCCDC6EAB486FEEF /* Pods-ToDoStandupUITests.debug.xcconfig */;
			buildSettings = {
				ALWAYS_EMBED_SWIFT_STANDARD_LIBRARIES = YES;
				INFOPLIST_FILE = ToDoStandupUITests/Info.plist;
				LD_RUNPATH_SEARCH_PATHS = "$(inherited) @executable_path/Frameworks @loader_path/Frameworks";
				PRODUCT_BUNDLE_IDENTIFIER = softwarewithfriends.ToDoStandupUITests;
				PRODUCT_NAME = "$(TARGET_NAME)";
				SWIFT_VERSION = 3.0;
				TEST_TARGET_NAME = ToDoStandup;
			};
			name = Debug;
		};
		113DF87C1EE4B4BC0023450C /* Release */ = {
			isa = XCBuildConfiguration;
			baseConfigurationReference = 02FDB5D64F77B2877F39ADE5 /* Pods-ToDoStandupUITests.release.xcconfig */;
			buildSettings = {
				ALWAYS_EMBED_SWIFT_STANDARD_LIBRARIES = YES;
				INFOPLIST_FILE = ToDoStandupUITests/Info.plist;
				LD_RUNPATH_SEARCH_PATHS = "$(inherited) @executable_path/Frameworks @loader_path/Frameworks";
				PRODUCT_BUNDLE_IDENTIFIER = softwarewithfriends.ToDoStandupUITests;
				PRODUCT_NAME = "$(TARGET_NAME)";
				SWIFT_VERSION = 3.0;
				TEST_TARGET_NAME = ToDoStandup;
			};
			name = Release;
		};
/* End XCBuildConfiguration section */

/* Begin XCConfigurationList section */
		113DF8471EE4B4BC0023450C /* Build configuration list for PBXProject "ToDoStandup" */ = {
			isa = XCConfigurationList;
			buildConfigurations = (
				113DF8721EE4B4BC0023450C /* Debug */,
				113DF8731EE4B4BC0023450C /* Release */,
			);
			defaultConfigurationIsVisible = 0;
			defaultConfigurationName = Release;
		};
		113DF8741EE4B4BC0023450C /* Build configuration list for PBXNativeTarget "ToDoStandup" */ = {
			isa = XCConfigurationList;
			buildConfigurations = (
				113DF8751EE4B4BC0023450C /* Debug */,
				113DF8761EE4B4BC0023450C /* Release */,
			);
			defaultConfigurationIsVisible = 0;
			defaultConfigurationName = Release;
		};
		113DF8771EE4B4BC0023450C /* Build configuration list for PBXNativeTarget "ToDoStandupTests" */ = {
			isa = XCConfigurationList;
			buildConfigurations = (
				113DF8781EE4B4BC0023450C /* Debug */,
				113DF8791EE4B4BC0023450C /* Release */,
			);
			defaultConfigurationIsVisible = 0;
			defaultConfigurationName = Release;
		};
		113DF87A1EE4B4BC0023450C /* Build configuration list for PBXNativeTarget "ToDoStandupUITests" */ = {
			isa = XCConfigurationList;
			buildConfigurations = (
				113DF87B1EE4B4BC0023450C /* Debug */,
				113DF87C1EE4B4BC0023450C /* Release */,
			);
			defaultConfigurationIsVisible = 0;
			defaultConfigurationName = Release;
		};
/* End XCConfigurationList section */

/* Begin XCVersionGroup section */
		1101430B1EF5D5E100A268A0 /* Tasks.xcdatamodeld */ = {
			isa = XCVersionGroup;
			children = (
				1101430C1EF5D5E100A268A0 /* Tasks.xcdatamodel */,
			);
			currentVersion = 1101430C1EF5D5E100A268A0 /* Tasks.xcdatamodel */;
			path = Tasks.xcdatamodeld;
			sourceTree = "<group>";
			versionGroupType = wrapper.xcdatamodel;
		};
/* End XCVersionGroup section */
	};
	rootObject = 113DF8441EE4B4BC0023450C /* Project object */;
}
